// !$*UTF8*$!
{
	archiveVersion = 1;
	classes = {
	};
	objectVersion = 46;
	objects = {

/* Begin PBXBuildFile section */
		CE1AC1291F570ED800400E36 /* AppDelegate.swift in Sources */ = {isa = PBXBuildFile; fileRef = CE1AC1281F570ED800400E36 /* AppDelegate.swift */; };
		CE1AC12B1F570ED800400E36 /* ViewController.swift in Sources */ = {isa = PBXBuildFile; fileRef = CE1AC12A1F570ED800400E36 /* ViewController.swift */; };
		CE1AC12E1F570ED800400E36 /* Main.storyboard in Resources */ = {isa = PBXBuildFile; fileRef = CE1AC12C1F570ED800400E36 /* Main.storyboard */; };
		CE1AC1301F570ED800400E36 /* Assets.xcassets in Resources */ = {isa = PBXBuildFile; fileRef = CE1AC12F1F570ED800400E36 /* Assets.xcassets */; };
		CE1AC1331F570ED800400E36 /* LaunchScreen.storyboard in Resources */ = {isa = PBXBuildFile; fileRef = CE1AC1311F570ED800400E36 /* LaunchScreen.storyboard */; };
		CE1AC13E1F570ED800400E36 /* LeakSampleTests.swift in Sources */ = {isa = PBXBuildFile; fileRef = CE1AC13D1F570ED800400E36 /* LeakSampleTests.swift */; };
		CE1AC1491F570ED800400E36 /* LeakSampleUITests.swift in Sources */ = {isa = PBXBuildFile; fileRef = CE1AC1481F570ED800400E36 /* LeakSampleUITests.swift */; };
/* End PBXBuildFile section */

/* Begin PBXContainerItemProxy section */
		CE1AC13A1F570ED800400E36 /* PBXContainerItemProxy */ = {
			isa = PBXContainerItemProxy;
			containerPortal = CE1AC11D1F570ED800400E36 /* Project object */;
			proxyType = 1;
			remoteGlobalIDString = CE1AC1241F570ED800400E36;
			remoteInfo = LeakSample;
		};
		CE1AC1451F570ED800400E36 /* PBXContainerItemProxy */ = {
			isa = PBXContainerItemProxy;
			containerPortal = CE1AC11D1F570ED800400E36 /* Project object */;
			proxyType = 1;
			remoteGlobalIDString = CE1AC1241F570ED800400E36;
			remoteInfo = LeakSample;
		};
/* End PBXContainerItemProxy section */

/* Begin PBXFileReference section */
		CE1AC1251F570ED800400E36 /* LeakSample.app */ = {isa = PBXFileReference; explicitFileType = wrapper.application; includeInIndex = 0; path = LeakSample.app; sourceTree = BUILT_PRODUCTS_DIR; };
		CE1AC1281F570ED800400E36 /* AppDelegate.swift */ = {isa = PBXFileReference; lastKnownFileType = sourcecode.swift; path = AppDelegate.swift; sourceTree = "<group>"; };
		CE1AC12A1F570ED800400E36 /* ViewController.swift */ = {isa = PBXFileReference; lastKnownFileType = sourcecode.swift; path = ViewController.swift; sourceTree = "<group>"; };
		CE1AC12D1F570ED800400E36 /* Base */ = {isa = PBXFileReference; lastKnownFileType = file.storyboard; name = Base; path = Base.lproj/Main.storyboard; sourceTree = "<group>"; };
		CE1AC12F1F570ED800400E36 /* Assets.xcassets */ = {isa = PBXFileReference; lastKnownFileType = folder.assetcatalog; path = Assets.xcassets; sourceTree = "<group>"; };
		CE1AC1321F570ED800400E36 /* Base */ = {isa = PBXFileReference; lastKnownFileType = file.storyboard; name = Base; path = Base.lproj/LaunchScreen.storyboard; sourceTree = "<group>"; };
		CE1AC1341F570ED800400E36 /* Info.plist */ = {isa = PBXFileReference; lastKnownFileType = text.plist.xml; path = Info.plist; sourceTree = "<group>"; };
		CE1AC1391F570ED800400E36 /* LeakSampleTests.xctest */ = {isa = PBXFileReference; explicitFileType = wrapper.cfbundle; includeInIndex = 0; path = LeakSampleTests.xctest; sourceTree = BUILT_PRODUCTS_DIR; };
		CE1AC13D1F570ED800400E36 /* LeakSampleTests.swift */ = {isa = PBXFileReference; lastKnownFileType = sourcecode.swift; path = LeakSampleTests.swift; sourceTree = "<group>"; };
		CE1AC13F1F570ED800400E36 /* Info.plist */ = {isa = PBXFileReference; lastKnownFileType = text.plist.xml; path = Info.plist; sourceTree = "<group>"; };
		CE1AC1441F570ED800400E36 /* LeakSampleUITests.xctest */ = {isa = PBXFileReference; explicitFileType = wrapper.cfbundle; includeInIndex = 0; path = LeakSampleUITests.xctest; sourceTree = BUILT_PRODUCTS_DIR; };
		CE1AC1481F570ED800400E36 /* LeakSampleUITests.swift */ = {isa = PBXFileReference; lastKnownFileType = sourcecode.swift; path = LeakSampleUITests.swift; sourceTree = "<group>"; };
		CE1AC14A1F570ED800400E36 /* Info.plist */ = {isa = PBXFileReference; lastKnownFileType = text.plist.xml; path = Info.plist; sourceTree = "<group>"; };
/* End PBXFileReference section */

/* Begin PBXFrameworksBuildPhase section */
		CE1AC1221F570ED800400E36 /* Frameworks */ = {
			isa = PBXFrameworksBuildPhase;
			buildActionMask = 2147483647;
			files = (
			);
			runOnlyForDeploymentPostprocessing = 0;
		};
		CE1AC1361F570ED800400E36 /* Frameworks */ = {
			isa = PBXFrameworksBuildPhase;
			buildActionMask = 2147483647;
			files = (
			);
			runOnlyForDeploymentPostprocessing = 0;
		};
		CE1AC1411F570ED800400E36 /* Frameworks */ = {
			isa = PBXFrameworksBuildPhase;
			buildActionMask = 2147483647;
			files = (
			);
			runOnlyForDeploymentPostprocessing = 0;
		};
/* End PBXFrameworksBuildPhase section */

/* Begin PBXGroup section */
		CE1AC11C1F570ED700400E36 = {
			isa = PBXGroup;
			children = (
				CE1AC1271F570ED800400E36 /* LeakSample */,
				CE1AC13C1F570ED800400E36 /* LeakSampleTests */,
				CE1AC1471F570ED800400E36 /* LeakSampleUITests */,
				CE1AC1261F570ED800400E36 /* Products */,
			);
			sourceTree = "<group>";
		};
		CE1AC1261F570ED800400E36 /* Products */ = {
			isa = PBXGroup;
			children = (
				CE1AC1251F570ED800400E36 /* LeakSample.app */,
				CE1AC1391F570ED800400E36 /* LeakSampleTests.xctest */,
				CE1AC1441F570ED800400E36 /* LeakSampleUITests.xctest */,
			);
			name = Products;
			sourceTree = "<group>";
		};
		CE1AC1271F570ED800400E36 /* LeakSample */ = {
			isa = PBXGroup;
			children = (
				CE1AC1281F570ED800400E36 /* AppDelegate.swift */,
				CE1AC12A1F570ED800400E36 /* ViewController.swift */,
				CE1AC12C1F570ED800400E36 /* Main.storyboard */,
				CE1AC12F1F570ED800400E36 /* Assets.xcassets */,
				CE1AC1311F570ED800400E36 /* LaunchScreen.storyboard */,
				CE1AC1341F570ED800400E36 /* Info.plist */,
			);
			path = LeakSample;
			sourceTree = "<group>";
		};
		CE1AC13C1F570ED800400E36 /* LeakSampleTests */ = {
			isa = PBXGroup;
			children = (
				CE1AC13D1F570ED800400E36 /* LeakSampleTests.swift */,
				CE1AC13F1F570ED800400E36 /* Info.plist */,
			);
			path = LeakSampleTests;
			sourceTree = "<group>";
		};
		CE1AC1471F570ED800400E36 /* LeakSampleUITests */ = {
			isa = PBXGroup;
			children = (
				CE1AC1481F570ED800400E36 /* LeakSampleUITests.swift */,
				CE1AC14A1F570ED800400E36 /* Info.plist */,
			);
			path = LeakSampleUITests;
			sourceTree = "<group>";
		};
/* End PBXGroup section */

/* Begin PBXNativeTarget section */
		CE1AC1241F570ED800400E36 /* LeakSample */ = {
			isa = PBXNativeTarget;
			buildConfigurationList = CE1AC14D1F570ED800400E36 /* Build configuration list for PBXNativeTarget "LeakSample" */;
			buildPhases = (
				CE1AC1211F570ED800400E36 /* Sources */,
				CE1AC1221F570ED800400E36 /* Frameworks */,
				CE1AC1231F570ED800400E36 /* Resources */,
			);
			buildRules = (
			);
			dependencies = (
			);
			name = LeakSample;
			productName = LeakSample;
			productReference = CE1AC1251F570ED800400E36 /* LeakSample.app */;
			productType = "com.apple.product-type.application";
		};
		CE1AC1381F570ED800400E36 /* LeakSampleTests */ = {
			isa = PBXNativeTarget;
			buildConfigurationList = CE1AC1501F570ED800400E36 /* Build configuration list for PBXNativeTarget "LeakSampleTests" */;
			buildPhases = (
				CE1AC1351F570ED800400E36 /* Sources */,
				CE1AC1361F570ED800400E36 /* Frameworks */,
				CE1AC1371F570ED800400E36 /* Resources */,
			);
			buildRules = (
			);
			dependencies = (
				CE1AC13B1F570ED800400E36 /* PBXTargetDependency */,
			);
			name = LeakSampleTests;
			productName = LeakSampleTests;
			productReference = CE1AC1391F570ED800400E36 /* LeakSampleTests.xctest */;
			productType = "com.apple.product-type.bundle.unit-test";
		};
		CE1AC1431F570ED800400E36 /* LeakSampleUITests */ = {
			isa = PBXNativeTarget;
			buildConfigurationList = CE1AC1531F570ED800400E36 /* Build configuration list for PBXNativeTarget "LeakSampleUITests" */;
			buildPhases = (
				CE1AC1401F570ED800400E36 /* Sources */,
				CE1AC1411F570ED800400E36 /* Frameworks */,
				CE1AC1421F570ED800400E36 /* Resources */,
			);
			buildRules = (
			);
			dependencies = (
				CE1AC1461F570ED800400E36 /* PBXTargetDependency */,
			);
			name = LeakSampleUITests;
			productName = LeakSampleUITests;
			productReference = CE1AC1441F570ED800400E36 /* LeakSampleUITests.xctest */;
			productType = "com.apple.product-type.bundle.ui-testing";
		};
/* End PBXNativeTarget section */

/* Begin PBXProject section */
		CE1AC11D1F570ED800400E36 /* Project object */ = {
			isa = PBXProject;
			attributes = {
				LastSwiftUpdateCheck = 0830;
				LastUpgradeCheck = 0830;
				ORGANIZATIONNAME = you12724;
				TargetAttributes = {
					CE1AC1241F570ED800400E36 = {
						CreatedOnToolsVersion = 8.3.1;
						DevelopmentTeam = 98RR2H357K;
						ProvisioningStyle = Automatic;
					};
					CE1AC1381F570ED800400E36 = {
						CreatedOnToolsVersion = 8.3.1;
						DevelopmentTeam = 98RR2H357K;
						ProvisioningStyle = Automatic;
						TestTargetID = CE1AC1241F570ED800400E36;
					};
					CE1AC1431F570ED800400E36 = {
						CreatedOnToolsVersion = 8.3.1;
						DevelopmentTeam = 98RR2H357K;
						ProvisioningStyle = Automatic;
						TestTargetID = CE1AC1241F570ED800400E36;
					};
				};
			};
			buildConfigurationList = CE1AC1201F570ED800400E36 /* Build configuration list for PBXProject "LeakSample" */;
			compatibilityVersion = "Xcode 3.2";
			developmentRegion = English;
			hasScannedForEncodings = 0;
			knownRegions = (
				en,
				Base,
			);
			mainGroup = CE1AC11C1F570ED700400E36;
			productRefGroup = CE1AC1261F570ED800400E36 /* Products */;
			projectDirPath = "";
			projectRoot = "";
			targets = (
				CE1AC1241F570ED800400E36 /* LeakSample */,
				CE1AC1381F570ED800400E36 /* LeakSampleTests */,
				CE1AC1431F570ED800400E36 /* LeakSampleUITests */,
			);
		};
/* End PBXProject section */

/* Begin PBXResourcesBuildPhase section */
		CE1AC1231F570ED800400E36 /* Resources */ = {
			isa = PBXResourcesBuildPhase;
			buildActionMask = 2147483647;
			files = (
				CE1AC1331F570ED800400E36 /* LaunchScreen.storyboard in Resources */,
				CE1AC1301F570ED800400E36 /* Assets.xcassets in Resources */,
				CE1AC12E1F570ED800400E36 /* Main.storyboard in Resources */,
			);
			runOnlyForDeploymentPostprocessing = 0;
		};
		CE1AC1371F570ED800400E36 /* Resources */ = {
			isa = PBXResourcesBuildPhase;
			buildActionMask = 2147483647;
			files = (
			);
			runOnlyForDeploymentPostprocessing = 0;
		};
		CE1AC1421F570ED800400E36 /* Resources */ = {
			isa = PBXResourcesBuildPhase;
			buildActionMask = 2147483647;
			files = (
			);
			runOnlyForDeploymentPostprocessing = 0;
		};
/* End PBXResourcesBuildPhase section */

/* Begin PBXSourcesBuildPhase section */
		CE1AC1211F570ED800400E36 /* Sources */ = {
			isa = PBXSourcesBuildPhase;
			buildActionMask = 2147483647;
			files = (
				CE1AC12B1F570ED800400E36 /* ViewController.swift in Sources */,
				CE1AC1291F570ED800400E36 /* AppDelegate.swift in Sources */,
			);
			runOnlyForDeploymentPostprocessing = 0;
		};
		CE1AC1351F570ED800400E36 /* Sources */ = {
			isa = PBXSourcesBuildPhase;
			buildActionMask = 2147483647;
			files = (
				CE1AC13E1F570ED800400E36 /* LeakSampleTests.swift in Sources */,
			);
			runOnlyForDeploymentPostprocessing = 0;
		};
		CE1AC1401F570ED800400E36 /* Sources */ = {
			isa = PBXSourcesBuildPhase;
			buildActionMask = 2147483647;
			files = (
				CE1AC1491F570ED800400E36 /* LeakSampleUITests.swift in Sources */,
			);
			runOnlyForDeploymentPostprocessing = 0;
		};
/* End PBXSourcesBuildPhase section */

/* Begin PBXTargetDependency section */
		CE1AC13B1F570ED800400E36 /* PBXTargetDependency */ = {
			isa = PBXTargetDependency;
			target = CE1AC1241F570ED800400E36 /* LeakSample */;
			targetProxy = CE1AC13A1F570ED800400E36 /* PBXContainerItemProxy */;
		};
		CE1AC1461F570ED800400E36 /* PBXTargetDependency */ = {
			isa = PBXTargetDependency;
			target = CE1AC1241F570ED800400E36 /* LeakSample */;
			targetProxy = CE1AC1451F570ED800400E36 /* PBXContainerItemProxy */;
		};
/* End PBXTargetDependency section */

/* Begin PBXVariantGroup section */
		CE1AC12C1F570ED800400E36 /* Main.storyboard */ = {
			isa = PBXVariantGroup;
			children = (
				CE1AC12D1F570ED800400E36 /* Base */,
			);
			name = Main.storyboard;
			sourceTree = "<group>";
		};
		CE1AC1311F570ED800400E36 /* LaunchScreen.storyboard */ = {
			isa = PBXVariantGroup;
			children = (
				CE1AC1321F570ED800400E36 /* Base */,
			);
			name = LaunchScreen.storyboard;
			sourceTree = "<group>";
		};
/* End PBXVariantGroup section */

/* Begin XCBuildConfiguration section */
		CE1AC14B1F570ED800400E36 /* Debug */ = {
			isa = XCBuildConfiguration;
			buildSettings = {
				ALWAYS_SEARCH_USER_PATHS = NO;
				CLANG_ANALYZER_NONNULL = YES;
				CLANG_ANALYZER_NUMBER_OBJECT_CONVERSION = YES_AGGRESSIVE;
				CLANG_CXX_LANGUAGE_STANDARD = "gnu++0x";
				CLANG_CXX_LIBRARY = "libc++";
				CLANG_ENABLE_MODULES = YES;
				CLANG_ENABLE_OBJC_ARC = YES;
				CLANG_WARN_BOOL_CONVERSION = YES;
				CLANG_WARN_CONSTANT_CONVERSION = YES;
				CLANG_WARN_DIRECT_OBJC_ISA_USAGE = YES_ERROR;
				CLANG_WARN_DOCUMENTATION_COMMENTS = YES;
				CLANG_WARN_EMPTY_BODY = YES;
				CLANG_WARN_ENUM_CONVERSION = YES;
				CLANG_WARN_INFINITE_RECURSION = YES;
				CLANG_WARN_INT_CONVERSION = YES;
				CLANG_WARN_OBJC_ROOT_CLASS = YES_ERROR;
				CLANG_WARN_SUSPICIOUS_MOVE = YES;
				CLANG_WARN_UNREACHABLE_CODE = YES;
				CLANG_WARN__DUPLICATE_METHOD_MATCH = YES;
				"CODE_SIGN_IDENTITY[sdk=iphoneos*]" = "iPhone Developer";
				COPY_PHASE_STRIP = NO;
				DEBUG_INFORMATION_FORMAT = dwarf;
				ENABLE_STRICT_OBJC_MSGSEND = YES;
				ENABLE_TESTABILITY = YES;
				GCC_C_LANGUAGE_STANDARD = gnu99;
				GCC_DYNAMIC_NO_PIC = NO;
				GCC_NO_COMMON_BLOCKS = YES;
				GCC_OPTIMIZATION_LEVEL = 0;
				GCC_PREPROCESSOR_DEFINITIONS = (
					"DEBUG=1",
					"$(inherited)",
				);
				GCC_WARN_64_TO_32_BIT_CONVERSION = YES;
				GCC_WARN_ABOUT_RETURN_TYPE = YES_ERROR;
				GCC_WARN_UNDECLARED_SELECTOR = YES;
				GCC_WARN_UNINITIALIZED_AUTOS = YES_AGGRESSIVE;
				GCC_WARN_UNUSED_FUNCTION = YES;
				GCC_WARN_UNUSED_VARIABLE = YES;
				IPHONEOS_DEPLOYMENT_TARGET = 10.3;
				MTL_ENABLE_DEBUG_INFO = YES;
				ONLY_ACTIVE_ARCH = YES;
				SDKROOT = iphoneos;
				SWIFT_ACTIVE_COMPILATION_CONDITIONS = DEBUG;
				SWIFT_OPTIMIZATION_LEVEL = "-Onone";
			};
			name = Debug;
		};
		CE1AC14C1F570ED800400E36 /* Release */ = {
			isa = XCBuildConfiguration;
			buildSettings = {
				ALWAYS_SEARCH_USER_PATHS = NO;
				CLANG_ANALYZER_NONNULL = YES;
				CLANG_ANALYZER_NUMBER_OBJECT_CONVERSION = YES_AGGRESSIVE;
				CLANG_CXX_LANGUAGE_STANDARD = "gnu++0x";
				CLANG_CXX_LIBRARY = "libc++";
				CLANG_ENABLE_MODULES = YES;
				CLANG_ENABLE_OBJC_ARC = YES;
				CLANG_WARN_BOOL_CONVERSION = YES;
				CLANG_WARN_CONSTANT_CONVERSION = YES;
				CLANG_WARN_DIRECT_OBJC_ISA_USAGE = YES_ERROR;
				CLANG_WARN_DOCUMENTATION_COMMENTS = YES;
				CLANG_WARN_EMPTY_BODY = YES;
				CLANG_WARN_ENUM_CONVERSION = YES;
				CLANG_WARN_INFINITE_RECURSION = YES;
				CLANG_WARN_INT_CONVERSION = YES;
				CLANG_WARN_OBJC_ROOT_CLASS = YES_ERROR;
				CLANG_WARN_SUSPICIOUS_MOVE = YES;
				CLANG_WARN_UNREACHABLE_CODE = YES;
				CLANG_WARN__DUPLICATE_METHOD_MATCH = YES;
				"CODE_SIGN_IDENTITY[sdk=iphoneos*]" = "iPhone Developer";
				COPY_PHASE_STRIP = NO;
				DEBUG_INFORMATION_FORMAT = "dwarf-with-dsym";
				ENABLE_NS_ASSERTIONS = NO;
				ENABLE_STRICT_OBJC_MSGSEND = YES;
				GCC_C_LANGUAGE_STANDARD = gnu99;
				GCC_NO_COMMON_BLOCKS = YES;
				GCC_WARN_64_TO_32_BIT_CONVERSION = YES;
				GCC_WARN_ABOUT_RETURN_TYPE = YES_ERROR;
				GCC_WARN_UNDECLARED_SELECTOR = YES;
				GCC_WARN_UNINITIALIZED_AUTOS = YES_AGGRESSIVE;
				GCC_WARN_UNUSED_FUNCTION = YES;
				GCC_WARN_UNUSED_VARIABLE = YES;
				IPHONEOS_DEPLOYMENT_TARGET = 10.3;
				MTL_ENABLE_DEBUG_INFO = NO;
				SDKROOT = iphoneos;
				SWIFT_OPTIMIZATION_LEVEL = "-Owholemodule";
				VALIDATE_PRODUCT = YES;
			};
			name = Release;
		};
		CE1AC14E1F570ED800400E36 /* Debug */ = {
			isa = XCBuildConfiguration;
			buildSettings = {
				ASSETCATALOG_COMPILER_APPICON_NAME = AppIcon;
				DEVELOPMENT_TEAM = 98RR2H357K;
				INFOPLIST_FILE = LeakSample/Info.plist;
				LD_RUNPATH_SEARCH_PATHS = "$(inherited) @executable_path/Frameworks";
				PRODUCT_BUNDLE_IDENTIFIER = you12724.LeakSample;
				PRODUCT_NAME = "$(TARGET_NAME)";
				SWIFT_VERSION = 3.0;
			};
			name = Debug;
		};
		CE1AC14F1F570ED800400E36 /* Release */ = {
			isa = XCBuildConfiguration;
			buildSettings = {
				ASSETCATALOG_COMPILER_APPICON_NAME = AppIcon;
				DEVELOPMENT_TEAM = 98RR2H357K;
				INFOPLIST_FILE = LeakSample/Info.plist;
				LD_RUNPATH_SEARCH_PATHS = "$(inherited) @executable_path/Frameworks";
				PRODUCT_BUNDLE_IDENTIFIER = you12724.LeakSample;
				PRODUCT_NAME = "$(TARGET_NAME)";
				SWIFT_VERSION = 3.0;
			};
			name = Release;
		};
		CE1AC1511F570ED800400E36 /* Debug */ = {
			isa = XCBuildConfiguration;
			buildSettings = {
				ALWAYS_EMBED_SWIFT_STANDARD_LIBRARIES = YES;
				BUNDLE_LOADER = "$(TEST_HOST)";
				DEVELOPMENT_TEAM = 98RR2H357K;
				INFOPLIST_FILE = LeakSampleTests/Info.plist;
				LD_RUNPATH_SEARCH_PATHS = "$(inherited) @executable_path/Frameworks @loader_path/Frameworks";
				PRODUCT_BUNDLE_IDENTIFIER = you12724.LeakSampleTests;
				PRODUCT_NAME = "$(TARGET_NAME)";
				SWIFT_VERSION = 3.0;
				TEST_HOST = "$(BUILT_PRODUCTS_DIR)/LeakSample.app/LeakSample";
			};
			name = Debug;
		};
		CE1AC1521F570ED800400E36 /* Release */ = {
			isa = XCBuildConfiguration;
			buildSettings = {
				ALWAYS_EMBED_SWIFT_STANDARD_LIBRARIES = YES;
				BUNDLE_LOADER = "$(TEST_HOST)";
				DEVELOPMENT_TEAM = 98RR2H357K;
				INFOPLIST_FILE = LeakSampleTests/Info.plist;
				LD_RUNPATH_SEARCH_PATHS = "$(inherited) @executable_path/Frameworks @loader_path/Frameworks";
				PRODUCT_BUNDLE_IDENTIFIER = you12724.LeakSampleTests;
				PRODUCT_NAME = "$(TARGET_NAME)";
				SWIFT_VERSION = 3.0;
				TEST_HOST = "$(BUILT_PRODUCTS_DIR)/LeakSample.app/LeakSample";
			};
			name = Release;
		};
		CE1AC1541F570ED800400E36 /* Debug */ = {
			isa = XCBuildConfiguration;
			buildSettings = {
				ALWAYS_EMBED_SWIFT_STANDARD_LIBRARIES = YES;
				DEVELOPMENT_TEAM = 98RR2H357K;
				INFOPLIST_FILE = LeakSampleUITests/Info.plist;
				LD_RUNPATH_SEARCH_PATHS = "$(inherited) @executable_path/Frameworks @loader_path/Frameworks";
				PRODUCT_BUNDLE_IDENTIFIER = you12724.LeakSampleUITests;
				PRODUCT_NAME = "$(TARGET_NAME)";
				SWIFT_VERSION = 3.0;
				TEST_TARGET_NAME = LeakSample;
			};
			name = Debug;
		};
		CE1AC1551F570ED800400E36 /* Release */ = {
			isa = XCBuildConfiguration;
			buildSettings = {
				ALWAYS_EMBED_SWIFT_STANDARD_LIBRARIES = YES;
				DEVELOPMENT_TEAM = 98RR2H357K;
				INFOPLIST_FILE = LeakSampleUITests/Info.plist;
				LD_RUNPATH_SEARCH_PATHS = "$(inherited) @executable_path/Frameworks @loader_path/Frameworks";
				PRODUCT_BUNDLE_IDENTIFIER = you12724.LeakSampleUITests;
				PRODUCT_NAME = "$(TARGET_NAME)";
				SWIFT_VERSION = 3.0;
				TEST_TARGET_NAME = LeakSample;
			};
			name = Release;
		};
/* End XCBuildConfiguration section */

/* Begin XCConfigurationList section */
		CE1AC1201F570ED800400E36 /* Build configuration list for PBXProject "LeakSample" */ = {
			isa = XCConfigurationList;
			buildConfigurations = (
				CE1AC14B1F570ED800400E36 /* Debug */,
				CE1AC14C1F570ED800400E36 /* Release */,
			);
			defaultConfigurationIsVisible = 0;
			defaultConfigurationName = Release;
		};
		CE1AC14D1F570ED800400E36 /* Build configuration list for PBXNativeTarget "LeakSample" */ = {
			isa = XCConfigurationList;
			buildConfigurations = (
				CE1AC14E1F570ED800400E36 /* Debug */,
				CE1AC14F1F570ED800400E36 /* Release */,
			);
			defaultConfigurationIsVisible = 0;
		};
		CE1AC1501F570ED800400E36 /* Build configuration list for PBXNativeTarget "LeakSampleTests" */ = {
			isa = XCConfigurationList;
			buildConfigurations = (
				CE1AC1511F570ED800400E36 /* Debug */,
				CE1AC1521F570ED800400E36 /* Release */,
			);
			defaultConfigurationIsVisible = 0;
		};
		CE1AC1531F570ED800400E36 /* Build configuration list for PBXNativeTarget "LeakSampleUITests" */ = {
			isa = XCConfigurationList;
			buildConfigurations = (
				CE1AC1541F570ED800400E36 /* Debug */,
				CE1AC1551F570ED800400E36 /* Release */,
			);
			defaultConfigurationIsVisible = 0;
		};
/* End XCConfigurationList section */
	};
	rootObject = CE1AC11D1F570ED800400E36 /* Project object */;
}
